{
  "version": 4,
  "terraform_version": "1.15.7",
  "serial": 163,
  "lineage": "c64cfbc7-2936-abfd-3298-50fe0b392296",
  "outputs": {},
  "resources": [
    {
      "mode": "managed",
      "type": "aws_vpc",
      "name": "main",
      "provider": "provider[\"registry.terraform.io/hashicorp/aws\"]",
      "instances": [
        {
          "schema_version": 1,
          "attributes": {
            "arn": "arn:aws:ec2:us-east-1:442999093029:vpc/vpc-0ffd9841ffb4dc0a6",
            "assign_generated_ipv6_cidr_block": false,
            "cidr_block": "10.0.0.0/16",
            "default_network_acl_id": "acl-05497fbe189c65625",
            "default_route_table_id": "rtb-0d6c0037032e6de72",
            "default_security_group_id": "sg-0d3c22a196a50888a",
            "dhcp_options_id": "dopt-0a1ef0d23524ba00d",
            "enable_dns_hostnames": true,
            "enable_dns_support": true,
            "enable_network_address_usage_metrics": false,
            "id": "vpc-0ffd9841ffb4dc0a6",
            "instance_tenancy": "default",
            "ipv4_ipam_pool_id": null,
            "ipv4_netmask_length": null,
            "ipv6_association_id": "",
            "ipv6_cidr_block": "",
            "ipv6_cidr_block_network_border_group": "",
            "ipv6_ipam_pool_id": "",
            "ipv6_netmask_length": 0,
            "main_route_table_id": "rtb-0d6c0037032e6de72",
            "owner_id": "442999093029",
            "region": "us-east-1",
            "tags": {
              "Name": "myvpc"
            },
            "tags_all": {
              "Name": "myvpc"
            }
          },
          "sensitive_attributes": [],
          "identity_schema_version": 0,
          "identity": {
            "account_id": "442999093029",
            "id": "vpc-0ffd9841ffb4dc0a6",
            "region": "us-east-1"
          },
          "private": "eyJzY2hlbWFfdmVyc2lvbiI6IjEifQ=="
        }
      ]
    }
  ],
  "check_results": null
}
